
Microsoft Visual Studio Solution File, Format Version 11.00
# Visual Studio 2010
Project("{FAE04EC0-301F-11D3-BF4B-00C04F79EFBC}") = "MyPlaces", "MyPlaces\MyPlaces.csproj", "{D894C0B8-ADB4-4C7E-A539-AC4272D68992}"
EndProject
Project("{FAE04EC0-301F-11D3-BF4B-00C04F79EFBC}") = "MyPlacesTest", "MyPlacesTest\MyPlacesTest.csproj", "{88D56844-2C0F-4DBF-8B9B-1F73E9D7F861}"
EndProject
Project("{2150E333-8FDC-42A3-9474-1A3956D46DE8}") = "Solution Items", "Solution Items", "{AA03FD3B-7933-47DD-9319-5A7E768BDDB5}"
EndProject
Global
	GlobalSection(TestCaseManagementSettings) = postSolution
		CategoryFile = MyPlaces.vsmdi
	EndGlobalSection
	GlobalSection(SolutionConfigurationPlatforms) = preSolution
		Debug|Any CPU = Debug|Any CPU
		Release|Any CPU = Release|Any CPU
	EndGlobalSection
	GlobalSection(ProjectConfigurationPlatforms) = postSolution
		{D894C0B8-ADB4-4C7E-A539-AC4272D68992}.Debug|Any CPU.ActiveCfg = Debug|Any CPU
		{D894C0B8-ADB4-4C7E-A539-AC4272D68992}.Debug|Any CPU.Build.0 = Debug|Any CPU
		{D894C0B8-ADB4-4C7E-A539-AC4272D68992}.Debug|Any CPU.Deploy.0 = Debug|Any CPU
		{D894C0B8-ADB4-4C7E-A539-AC4272D68992}.Release|Any CPU.ActiveCfg = Release|Any CPU
		{D894C0B8-ADB4-4C7E-A539-AC4272D68992}.Release|Any CPU.Build.0 = Release|Any CPU
		{D894C0B8-ADB4-4C7E-A539-AC4272D68992}.Release|Any CPU.Deploy.0 = Release|Any CPU
		{88D56844-2C0F-4DBF-8B9B-1F73E9D7F861}.Debug|Any CPU.ActiveCfg = Debug|Any CPU
		{88D56844-2C0F-4DBF-8B9B-1F73E9D7F861}.Debug|Any CPU.Build.0 = Debug|Any CPU
		{88D56844-2C0F-4DBF-8B9B-1F73E9D7F861}.Debug|Any CPU.Deploy.0 = Debug|Any CPU
		{88D56844-2C0F-4DBF-8B9B-1F73E9D7F861}.Release|Any CPU.ActiveCfg = Release|Any CPU
		{88D56844-2C0F-4DBF-8B9B-1F73E9D7F861}.Release|Any CPU.Build.0 = Release|Any CPU
		{88D56844-2C0F-4DBF-8B9B-1F73E9D7F861}.Release|Any CPU.Deploy.0 = Release|Any CPU
	EndGlobalSection
	GlobalSection(SolutionProperties) = preSolution
		HideSolutionNode = FALSE
	EndGlobalSection
EndGlobal
